# This file is autogenerated, do not edit; changes may be undone by the next 'dep ensure'.


[[projects]]
  name = "github.com/PuerkitoBio/goquery"
  packages = ["."]
  revision = "09540e565986583836b5fc792fe951ec5fd201dd"
  version = "v1.3.0"

[[projects]]
  branch = "master"
  name = "github.com/andybalholm/cascadia"
  packages = ["."]
  revision = "349dd0209470eabd9514242c688c403c0926d266"

[[projects]]
  name = "github.com/bogem/id3v2"
  packages = ["."]
  revision = "2a41e8833176c6a193e1d2dc1f7cc398aab011c8"
  version = "v0.12.1"

[[projects]]
  name = "github.com/mattn/go-runewidth"
  packages = ["."]
  revision = "9e777a8366cce605130a531d2cd6363d07ad7317"
  version = "v0.0.2"

[[projects]]
  name = "github.com/mmcdole/gofeed"
  packages = [".","atom","extensions","internal/shared","rss"]
  revision = "42010a154d249f5f753dfe03a6390b59671e403e"
  version = "v1.0.0-beta2"

[[projects]]
  branch = "master"
  name = "github.com/mmcdole/goxpp"
  packages = ["."]
  revision = "77e4a51a73ed99ee3f33c1474dc166866304acbd"

[[projects]]
  branch = "master"
  name = "golang.org/x/net"
  packages = ["html","html/atom","html/charset"]
  revision = "2fb46b16b8dda405028c50f7c7f0f9dd1fa6bfb1"

[[projects]]
  branch = "master"
  name = "golang.org/x/sys"
  packages = ["unix"]
  revision = "37707fdb30a5b38865cfb95e5aab41707daec7fd"

[[projects]]
  branch = "master"
  name = "golang.org/x/text"
  packages = ["encoding","encoding/charmap","encoding/htmlindex","encoding/internal","encoding/internal/identifier","encoding/japanese","encoding/korean","encoding/simplifiedchinese","encoding/traditionalchinese","encoding/unicode","internal/gen","internal/tag","internal/utf8internal","language","runes","transform","unicode/cldr"]
  revision = "e19ae1496984b1c655b8044a65c0300a3c878dd3"

[[projects]]
  name = "gopkg.in/cheggaaa/pb.v1"
  packages = ["."]
  revision = "5119518d88fbf604cab04dafd667dc7022e3b5ac"
  version = "v1.0.21"

[solve-meta]
  analyzer-name = "dep"
  analyzer-version = 1
  inputs-digest = "328a931b10ccade006d06a2c95b5b25737adea35ee5837bf7b2d4df1536dd883"
  solver-name = "gps-cdcl"
  solver-version = 1
