memo = ""

[[projects]]
  branch = "master"
  name = "github.com/PuerkitoBio/goquery"
  packages = ["."]
  revision = "ed7d758e9a34ba1f55e8084e0d731448b46921a8"

[[projects]]
  branch = "master"
  name = "github.com/andybalholm/cascadia"
  packages = ["."]
  revision = "349dd0209470eabd9514242c688c403c0926d266"

[[projects]]
  branch = "master"
  name = "github.com/casept/id3-go"
  packages = ["."]
  revision = "2e21798b4999ccd0cd10fdb37e427712998d6fc2"

[[projects]]
  branch = "master"
  name = "github.com/mattn/go-runewidth"
  packages = ["."]
  revision = "14207d285c6c197daabb5c9793d63e7af9ab2d50"

[[projects]]
  branch = "master"
  name = "github.com/mmcdole/gofeed"
  packages = ["."]
  revision = "042c0a9121581210fc8ef106d8ad1b0bdf931ae2"

[[projects]]
  branch = "master"
  name = "github.com/mmcdole/goxpp"
  packages = ["."]
  revision = "e38884aa48c1952a416ba35f3c276e4f02f9b40e"

[[projects]]
  branch = "master"
  name = "golang.org/x/net"
  packages = ["html","html/charset"]
  revision = "feeb485667d1fdabe727840fe00adc22431bc86e"

[[projects]]
  branch = "master"
  name = "golang.org/x/text"
  packages = ["encoding","encoding/charmap","encoding/unicode","transform","encoding/htmlindex"]
  revision = "470f45bf29f4147d6fbd7dfd0a02a848e49f5bf4"

[[projects]]
  branch = "master"
  name = "gopkg.in/cheggaaa/pb.v1"
  packages = ["."]
  revision = "f6ccf2184de4dd34495277e38dc19b6e7fbe0ea2"
